
Microsoft Visual Studio Solution File, Format Version 12.00
# Visual Studio Version 16
VisualStudioVersion = 16.0.30114.105
MinimumVisualStudioVersion = 10.0.40219.1
Project("{FAE04EC0-301F-11D3-BF4B-00C04F79EFBC}") = "ProseMirror.Net", "ProseMirror.Net\ProseMirror.Net.csproj", "{662E78DF-1664-48E0-924F-6855FB79AFF2}"
EndProject
Project("{FAE04EC0-301F-11D3-BF4B-00C04F79EFBC}") = "ProseMirror.Net.UnitTests", "ProseMirror.Net.UnitTests\ProseMirror.Net.UnitTests.csproj", "{423B9894-C5C3-4982-929F-C63F9612D357}"
EndProject
Global
	GlobalSection(SolutionConfigurationPlatforms) = preSolution
		Debug|Any CPU = Debug|Any CPU
		Release|Any CPU = Release|Any CPU
	EndGlobalSection
	GlobalSection(SolutionProperties) = preSolution
		HideSolutionNode = FALSE
	EndGlobalSection
	GlobalSection(ProjectConfigurationPlatforms) = postSolution
		{662E78DF-1664-48E0-924F-6855FB79AFF2}.Debug|Any CPU.ActiveCfg = Debug|Any CPU
		{662E78DF-1664-48E0-924F-6855FB79AFF2}.Debug|Any CPU.Build.0 = Debug|Any CPU
		{662E78DF-1664-48E0-924F-6855FB79AFF2}.Release|Any CPU.ActiveCfg = Release|Any CPU
		{662E78DF-1664-48E0-924F-6855FB79AFF2}.Release|Any CPU.Build.0 = Release|Any CPU
		{423B9894-C5C3-4982-929F-C63F9612D357}.Debug|Any CPU.ActiveCfg = Debug|Any CPU
		{423B9894-C5C3-4982-929F-C63F9612D357}.Debug|Any CPU.Build.0 = Debug|Any CPU
		{423B9894-C5C3-4982-929F-C63F9612D357}.Release|Any CPU.ActiveCfg = Release|Any CPU
		{423B9894-C5C3-4982-929F-C63F9612D357}.Release|Any CPU.Build.0 = Release|Any CPU
	EndGlobalSection
EndGlobal
